<?xml version="1.0" encoding="utf-8"?>
<Project ToolsVersion="4.0" xmlns="http://schemas.microsoft.com/developer/msbuild/2003">
  <ItemGroup>
    <Filter Include="Quelldateien">
      <UniqueIdentifier>{4FC737F1-C7A5-4376-A066-2A32D752A2FF}</UniqueIdentifier>
      <Extensions>cpp;c;cc;cxx;def;odl;idl;hpj;bat;asm;asmx</Extensions>
    </Filter>
    <Filter Include="Headerdateien">
      <UniqueIdentifier>{93995380-89BD-4b04-88EB-625FBE52EBFB}</UniqueIdentifier>
      <Extensions>h;hpp;hxx;hm;inl;inc;xsd</Extensions>
    </Filter>
    <Filter Include="Ressourcendateien">
      <UniqueIdentifier>{67DA6AB6-F800-4c08-8B7A-83BB121AAD01}</UniqueIdentifier>
      <Extensions>rc;ico;cur;bmp;dlg;rc2;rct;bin;rgs;gif;jpg;jpeg;jpe;resx;tiff;tif;png;wav</Extensions>
    </Filter>
    <Filter Include="WindowPP">
      <UniqueIdentifier>{d90961f4-c947-4c3e-bcbb-495e8ce41ab6}</UniqueIdentifier>
    </Filter>
  </ItemGroup>
  <ItemGroup>
    <ClCompile Include="GUI.cpp">
      <Filter>Quelldateien</Filter>
    </ClCompile>
    <ClCompile Include="Packet Explorer.cpp">
      <Filter>Quelldateien</Filter>
    </ClCompile>
    <ClCompile Include="stdafx.cpp">
      <Filter>Quelldateien</Filter>
    </ClCompile>
    <ClCompile Include="FilteredListBox.cpp">
      <Filter>Quelldateien</Filter>
    </ClCompile>
    <ClCompile Include="PacketStreamParser.cpp">
      <Filter>Quelldateien</Filter>
    </ClCompile>
    <ClCompile Include="PacketTemplateParser.cpp">
      <Filter>Quelldateien</Filter>
    </ClCompile>
  </ItemGroup>
  <ItemGroup>
    <ClInclude Include="GUI.h">
      <Filter>Headerdateien</Filter>
    </ClInclude>
    <ClInclude Include="Packet Explorer.h">
      <Filter>Headerdateien</Filter>
    </ClInclude>
    <ClInclude Include="Resource.h">
      <Filter>Headerdateien</Filter>
    </ClInclude>
    <ClInclude Include="stdafx.h">
      <Filter>Headerdateien</Filter>
    </ClInclude>
    <ClInclude Include="targetver.h">
      <Filter>Headerdateien</Filter>
    </ClInclude>
    <ClInclude Include="BaseWindow.h">
      <Filter>WindowPP</Filter>
    </ClInclude>
    <ClInclude Include="ListBox.h">
      <Filter>WindowPP</Filter>
    </ClInclude>
    <ClInclude Include="WindowPPException.h">
      <Filter>WindowPP</Filter>
    </ClInclude>
    <ClInclude Include="WindowPP.h">
      <Filter>WindowPP</Filter>
    </ClInclude>
    <ClInclude Include="WindowClass.h">
      <Filter>WindowPP</Filter>
    </ClInclude>
    <ClInclude Include="RescaleControl.h">
      <Filter>WindowPP</Filter>
    </ClInclude>
    <ClInclude Include="SubclassedControl.h">
      <Filter>WindowPP</Filter>
    </ClInclude>
    <ClInclude Include="FilteredListBox.h">
      <Filter>Headerdateien</Filter>
    </ClInclude>
    <ClInclude Include="EditControl.h">
      <Filter>WindowPP</Filter>
    </ClInclude>
    <ClInclude Include="StaticControl.h">
      <Filter>WindowPP</Filter>
    </ClInclude>
    <ClInclude Include="ListView.h">
      <Filter>WindowPP</Filter>
    </ClInclude>
    <ClInclude Include="PacketStreamParser.h">
      <Filter>Headerdateien</Filter>
    </ClInclude>
    <ClInclude Include="PacketTemplateParser.h">
      <Filter>Headerdateien</Filter>
    </ClInclude>
  </ItemGroup>
  <ItemGroup>
    <None Include="Packet Explorer.ico">
      <Filter>Ressourcendateien</Filter>
    </None>
    <None Include="small.ico">
      <Filter>Ressourcendateien</Filter>
    </None>
  </ItemGroup>
  <ItemGroup>
    <ResourceCompile Include="Packet Explorer.rc">
      <Filter>Ressourcendateien</Filter>
    </ResourceCompile>
  </ItemGroup>
</Project>