<?xml version="1.0" encoding="utf-8"?>
<Project ToolsVersion="4.0" xmlns="http://schemas.microsoft.com/developer/msbuild/2003">
  <ItemGroup>
    <Filter Include="Quelldateien">
      <UniqueIdentifier>{4FC737F1-C7A5-4376-A066-2A32D752A2FF}</UniqueIdentifier>
      <Extensions>cpp;c;cc;cxx;def;odl;idl;hpj;bat;asm;asmx</Extensions>
    </Filter>
    <Filter Include="Headerdateien">
      <UniqueIdentifier>{93995380-89BD-4b04-88EB-625FBE52EBFB}</UniqueIdentifier>
      <Extensions>h;hpp;hxx;hm;inl;inc;xsd</Extensions>
    </Filter>
    <Filter Include="MySQL">
      <UniqueIdentifier>{97cf54be-9924-41e5-81d0-f09a4ae8a009}</UniqueIdentifier>
    </Filter>
    <Filter Include="XML">
      <UniqueIdentifier>{f0ea4347-2d04-444e-bad5-d1b27666e16d}</UniqueIdentifier>
    </Filter>
    <Filter Include="ThreadPool">
      <UniqueIdentifier>{75cabf58-6441-4a75-844c-980d9cb9c73e}</UniqueIdentifier>
    </Filter>
  </ItemGroup>
  <ItemGroup>
    <ClCompile Include="dllmain.cpp">
      <Filter>Quelldateien</Filter>
    </ClCompile>
    <ClCompile Include="GWLP Dumper.cpp">
      <Filter>Quelldateien</Filter>
    </ClCompile>
    <ClCompile Include="stdafx.cpp">
      <Filter>Quelldateien</Filter>
    </ClCompile>
    <ClCompile Include="MySQLDatabase.cpp">
      <Filter>MySQL</Filter>
    </ClCompile>
    <ClCompile Include="tinystr.cpp">
      <Filter>XML</Filter>
    </ClCompile>
    <ClCompile Include="tinyxml.cpp">
      <Filter>XML</Filter>
    </ClCompile>
    <ClCompile Include="tinyxmlerror.cpp">
      <Filter>XML</Filter>
    </ClCompile>
    <ClCompile Include="tinyxmlparser.cpp">
      <Filter>XML</Filter>
    </ClCompile>
    <ClCompile Include="detours.cpp">
      <Filter>Quelldateien</Filter>
    </ClCompile>
    <ClCompile Include="NPCDumper.cpp">
      <Filter>Quelldateien</Filter>
    </ClCompile>
    <ClCompile Include="ItemDumper.cpp">
      <Filter>Quelldateien</Filter>
    </ClCompile>
    <ClCompile Include="MapDataDumper.cpp">
      <Filter>Quelldateien</Filter>
    </ClCompile>
    <ClCompile Include="Threadpool.cpp">
      <Filter>ThreadPool</Filter>
    </ClCompile>
  </ItemGroup>
  <ItemGroup>
    <ClInclude Include="GWLP Dumper.h">
      <Filter>Headerdateien</Filter>
    </ClInclude>
    <ClInclude Include="stdafx.h">
      <Filter>Headerdateien</Filter>
    </ClInclude>
    <ClInclude Include="targetver.h">
      <Filter>Headerdateien</Filter>
    </ClInclude>
    <ClInclude Include="MySQLDatabase.h">
      <Filter>MySQL</Filter>
    </ClInclude>
    <ClInclude Include="tinystr.h">
      <Filter>XML</Filter>
    </ClInclude>
    <ClInclude Include="tinyxml.h">
      <Filter>XML</Filter>
    </ClInclude>
    <ClInclude Include="Packet.h">
      <Filter>Headerdateien</Filter>
    </ClInclude>
    <ClInclude Include="detours.h">
      <Filter>Headerdateien</Filter>
    </ClInclude>
    <ClInclude Include="Singleton.h">
      <Filter>Headerdateien</Filter>
    </ClInclude>
    <ClInclude Include="NPCDumper.h">
      <Filter>Headerdateien</Filter>
    </ClInclude>
    <ClInclude Include="ItemDumper.h">
      <Filter>Headerdateien</Filter>
    </ClInclude>
    <ClInclude Include="MapDataDumper.h">
      <Filter>Headerdateien</Filter>
    </ClInclude>
    <ClInclude Include="AutoMutex.h">
      <Filter>Headerdateien</Filter>
    </ClInclude>
    <ClInclude Include="Threadpool.h">
      <Filter>ThreadPool</Filter>
    </ClInclude>
    <ClInclude Include="RunObject.h">
      <Filter>ThreadPool</Filter>
    </ClInclude>
  </ItemGroup>
</Project>